
Microsoft Visual Studio Solution File, Format Version 12.00
# Visual Studio 15
VisualStudioVersion = 15.0.26430.16
MinimumVisualStudioVersion = 10.0.40219.1
Project("{FAE04EC0-301F-11D3-BF4B-00C04F79EFBC}") = "UnGranViaje", "UnGranViaje\UnGranViaje.csproj", "{91DF4DF4-8F0D-4DDB-8AEF-20A322BE4B4B}"
EndProject
Global
	GlobalSection(SolutionConfigurationPlatforms) = preSolution
		Debug|Any CPU = Debug|Any CPU
		Release|Any CPU = Release|Any CPU
	EndGlobalSection
	GlobalSection(ProjectConfigurationPlatforms) = postSolution
		{91DF4DF4-8F0D-4DDB-8AEF-20A322BE4B4B}.Debug|Any CPU.ActiveCfg = Debug|Any CPU
		{91DF4DF4-8F0D-4DDB-8AEF-20A322BE4B4B}.Debug|Any CPU.Build.0 = Debug|Any CPU
		{91DF4DF4-8F0D-4DDB-8AEF-20A322BE4B4B}.Release|Any CPU.ActiveCfg = Release|Any CPU
		{91DF4DF4-8F0D-4DDB-8AEF-20A322BE4B4B}.Release|Any CPU.Build.0 = Release|Any CPU
	EndGlobalSection
	GlobalSection(SolutionProperties) = preSolution
		HideSolutionNode = FALSE
	EndGlobalSection
EndGlobal
